// !$*UTF8*$!
{
	archiveVersion = 1;
	classes = {
	};
	objectVersion = 46;
	objects = {

/* Begin PBXBuildFile section */
		6835E073F0307D532F43E033 /* main.m in Sources */ = {isa = PBXBuildFile; fileRef = 6835EEBA8E22F8A73AC2D4CF /* main.m */; };
		6835E0FF1C0C988CC53737DB /* RNTimer.m in Sources */ = {isa = PBXBuildFile; fileRef = 6835E6E5B4AAD66A25E7921E /* RNTimer.m */; settings = {COMPILER_FLAGS = "-fno-objc-arc"; }; };
		6835E163EB4C791262EBE024 /* Default@2x.png in Resources */ = {isa = PBXBuildFile; fileRef = 6835EFFC1127A4DBD80BFA71 /* Default@2x.png */; };
		6835E20E553F5083CD1C60DB /* UIKit.framework in Frameworks */ = {isa = PBXBuildFile; fileRef = 6835E9FB007C46C994B5236C /* UIKit.framework */; };
		6835E279EC7B79460EE68194 /* MapKit.framework in Frameworks */ = {isa = PBXBuildFile; fileRef = 6835EE11B0A89F942E919F03 /* MapKit.framework */; };
		6835E343170C92987F99B4DA /* sample.json in Resources */ = {isa = PBXBuildFile; fileRef = 6835E84FCD58A0D0FE1E57B7 /* sample.json */; };
		6835E34D15548CDECD316284 /* PBXBuildFile */ = {isa = PBXBuildFile; fileRef = 6835E067C3FD959E8BC7C0B0 /* GCXLineColor.m */; };
		6835E419255E4028B5EBC521 /* CoreGraphics.framework in Frameworks */ = {isa = PBXBuildFile; fileRef = 6835EF95BED35964748D8755 /* CoreGraphics.framework */; };
		6835E60BCA3F92354850FBA2 /* GCXStationLoader.m in Sources */ = {isa = PBXBuildFile; fileRef = 6835EB26D75957D2F31C99D6 /* GCXStationLoader.m */; };
		6835E6E6688A4E114498B433 /* InfoPlist.strings in Resources */ = {isa = PBXBuildFile; fileRef = 6835E395DCABB0281F4E0EFD /* InfoPlist.strings */; };
		6835E8C05F7D7FFEC21093BA /* GCXLine.m in Sources */ = {isa = PBXBuildFile; fileRef = 6835E076399CFC5FC28D876A /* GCXLine.m */; };
		6835E90A8811D193E09ED5C1 /* Default.png in Resources */ = {isa = PBXBuildFile; fileRef = 6835EBDC0FEADFCF41BA3167 /* Default.png */; };
		6835E9167C39117F6061DDF3 /* QuartzCore.framework in Frameworks */ = {isa = PBXBuildFile; fileRef = 6835EB025DE7351C146405C7 /* QuartzCore.framework */; };
		6835E96B250CB3AEE2AA9467 /* GCXStation.m in Sources */ = {isa = PBXBuildFile; fileRef = 6835E2C4DB88A4BE6B6B0DCF /* GCXStation.m */; };
		6835EB3E57B69872477EBA6A /* GCXAppDelegate.m in Sources */ = {isa = PBXBuildFile; fileRef = 6835E6897034408809D92D53 /* GCXAppDelegate.m */; };
		6835EBC34670E585B78518CC /* Foundation.framework in Frameworks */ = {isa = PBXBuildFile; fileRef = 6835EA466EDE400EA3AF9759 /* Foundation.framework */; };
		6835EBEE573570DD272FFF05 /* Default-568h@2x.png in Resources */ = {isa = PBXBuildFile; fileRef = 6835EC2A874D2E1B6C14F1F4 /* Default-568h@2x.png */; };
		6835EE418C70155C13F3CCFB /* GCXViewController.xib in Resources */ = {isa = PBXBuildFile; fileRef = 6835ED796217D60D758ED6D2 /* GCXViewController.xib */; };
		6835EE55D34018D97512F02B /* PBXBuildFile */ = {isa = PBXBuildFile; fileRef = 6835E595475D680486B68184 /* GCXCircleAnnotationView.m */; };
		6835EFBCD535B7E118802E3B /* GCXViewController.m in Sources */ = {isa = PBXBuildFile; fileRef = 6835E7DBAE42176ECA44B578 /* GCXViewController.m */; };
		D6305B871770A47500645AB6 /* discover_map_icon-item-position.png in Resources */ = {isa = PBXBuildFile; fileRef = D6305B851770A47500645AB6 /* discover_map_icon-item-position.png */; };
		D6305B881770A47500645AB6 /* discover_map_icon-item-position@2x.png in Resources */ = {isa = PBXBuildFile; fileRef = D6305B861770A47500645AB6 /* discover_map_icon-item-position@2x.png */; };
		D6305B8B1770FC4200645AB6 /* AnnotationCoordinateConverter.m in Sources */ = {isa = PBXBuildFile; fileRef = D6305B8A1770FC4200645AB6 /* AnnotationCoordinateConverter.m */; };
		D6305B9017717FCF00645AB6 /* MKMapView+ZoomLevel.m in Sources */ = {isa = PBXBuildFile; fileRef = D6305B8F17717FCF00645AB6 /* MKMapView+ZoomLevel.m */; };
/* End PBXBuildFile section */

/* Begin PBXFileReference section */
		6835E067C3FD959E8BC7C0B0 /* GCXLineColor.m */ = {isa = PBXFileReference; fileEncoding = 4; lastKnownFileType = sourcecode.c.objc; path = GCXLineColor.m; sourceTree = "<group>"; };
		6835E076399CFC5FC28D876A /* GCXLine.m */ = {isa = PBXFileReference; fileEncoding = 4; lastKnownFileType = sourcecode.c.objc; path = GCXLine.m; sourceTree = "<group>"; };
		6835E0DC1D1EF1DE51C0C5A6 /* TrainJazzz.app */ = {isa = PBXFileReference; explicitFileType = wrapper.application; includeInIndex = 0; path = TrainJazzz.app; sourceTree = BUILT_PRODUCTS_DIR; };
		6835E0FB9A556FE65497C065 /* GCXStationLoader.h */ = {isa = PBXFileReference; fileEncoding = 4; lastKnownFileType = sourcecode.c.h; path = GCXStationLoader.h; sourceTree = "<group>"; };
		6835E1646A386A7022A18C31 /* GCXViewController.h */ = {isa = PBXFileReference; lastKnownFileType = sourcecode.c.h; path = GCXViewController.h; sourceTree = "<group>"; };
		6835E2C4DB88A4BE6B6B0DCF /* GCXStation.m */ = {isa = PBXFileReference; fileEncoding = 4; lastKnownFileType = sourcecode.c.objc; path = GCXStation.m; sourceTree = "<group>"; };
		6835E2DCF8E766E1AFA269C2 /* GCXAppDelegate.h */ = {isa = PBXFileReference; lastKnownFileType = sourcecode.c.h; path = GCXAppDelegate.h; sourceTree = "<group>"; };
		6835E595475D680486B68184 /* GCXCircleAnnotationView.m */ = {isa = PBXFileReference; fileEncoding = 4; lastKnownFileType = sourcecode.c.objc; path = GCXCircleAnnotationView.m; sourceTree = "<group>"; };
		6835E5C9D281F14E0370E4B9 /* en */ = {isa = PBXFileReference; lastKnownFileType = file.xib; name = en; path = en.lproj/GCXViewController.xib; sourceTree = "<group>"; };
		6835E6897034408809D92D53 /* GCXAppDelegate.m */ = {isa = PBXFileReference; lastKnownFileType = sourcecode.c.objc; path = GCXAppDelegate.m; sourceTree = "<group>"; };
		6835E6E5B4AAD66A25E7921E /* RNTimer.m */ = {isa = PBXFileReference; fileEncoding = 4; lastKnownFileType = sourcecode.c.objc; path = RNTimer.m; sourceTree = "<group>"; };
		6835E7DBAE42176ECA44B578 /* GCXViewController.m */ = {isa = PBXFileReference; lastKnownFileType = sourcecode.c.objc; path = GCXViewController.m; sourceTree = "<group>"; };
		6835E84FCD58A0D0FE1E57B7 /* sample.json */ = {isa = PBXFileReference; lastKnownFileType = file.json; path = sample.json; sourceTree = "<group>"; };
		6835E886BE812797668BD125 /* TrainJazzz-Prefix.pch */ = {isa = PBXFileReference; lastKnownFileType = sourcecode.c.h; path = "TrainJazzz-Prefix.pch"; sourceTree = "<group>"; };
		6835E89096980DBE94802928 /* GCXCircleAnnotationView.h */ = {isa = PBXFileReference; fileEncoding = 4; lastKnownFileType = sourcecode.c.h; path = GCXCircleAnnotationView.h; sourceTree = "<group>"; };
		6835E9E3503398241F386BD9 /* RNTimer.h */ = {isa = PBXFileReference; fileEncoding = 4; lastKnownFileType = sourcecode.c.h; path = RNTimer.h; sourceTree = "<group>"; };
		6835E9FB007C46C994B5236C /* UIKit.framework */ = {isa = PBXFileReference; lastKnownFileType = wrapper.framework; name = UIKit.framework; path = System/Library/Frameworks/UIKit.framework; sourceTree = SDKROOT; };
		6835EA0B00F4BD91BA374F19 /* GCXStation.h */ = {isa = PBXFileReference; fileEncoding = 4; lastKnownFileType = sourcecode.c.h; path = GCXStation.h; sourceTree = "<group>"; };
		6835EA466EDE400EA3AF9759 /* Foundation.framework */ = {isa = PBXFileReference; lastKnownFileType = wrapper.framework; name = Foundation.framework; path = System/Library/Frameworks/Foundation.framework; sourceTree = SDKROOT; };
		6835EA4B550F4C339914C872 /* en */ = {isa = PBXFileReference; lastKnownFileType = text.plist.strings; name = en; path = en.lproj/InfoPlist.strings; sourceTree = "<group>"; };
		6835EA7430355AB028B920FE /* GCXLineColor.h */ = {isa = PBXFileReference; fileEncoding = 4; lastKnownFileType = sourcecode.c.h; path = GCXLineColor.h; sourceTree = "<group>"; };
		6835EAED3B09A2A45A4917D1 /* TrainJazzz-Info.plist */ = {isa = PBXFileReference; lastKnownFileType = text.plist.info; path = "TrainJazzz-Info.plist"; sourceTree = "<group>"; };
		6835EB025DE7351C146405C7 /* QuartzCore.framework */ = {isa = PBXFileReference; lastKnownFileType = wrapper.framework; name = QuartzCore.framework; path = System/Library/Frameworks/QuartzCore.framework; sourceTree = SDKROOT; };
		6835EB26D75957D2F31C99D6 /* GCXStationLoader.m */ = {isa = PBXFileReference; fileEncoding = 4; lastKnownFileType = sourcecode.c.objc; path = GCXStationLoader.m; sourceTree = "<group>"; };
		6835EBA5956AC6927F545C92 /* GCXLine.h */ = {isa = PBXFileReference; fileEncoding = 4; lastKnownFileType = sourcecode.c.h; path = GCXLine.h; sourceTree = "<group>"; };
		6835EBDC0FEADFCF41BA3167 /* Default.png */ = {isa = PBXFileReference; lastKnownFileType = image.png; path = Default.png; sourceTree = "<group>"; };
		6835EC2A874D2E1B6C14F1F4 /* Default-568h@2x.png */ = {isa = PBXFileReference; lastKnownFileType = image.png; path = "Default-568h@2x.png"; sourceTree = "<group>"; };
		6835EE11B0A89F942E919F03 /* MapKit.framework */ = {isa = PBXFileReference; lastKnownFileType = wrapper.framework; name = MapKit.framework; path = System/Library/Frameworks/MapKit.framework; sourceTree = SDKROOT; };
		6835EEBA8E22F8A73AC2D4CF /* main.m */ = {isa = PBXFileReference; lastKnownFileType = sourcecode.c.objc; path = main.m; sourceTree = "<group>"; };
		6835EF95BED35964748D8755 /* CoreGraphics.framework */ = {isa = PBXFileReference; lastKnownFileType = wrapper.framework; name = CoreGraphics.framework; path = System/Library/Frameworks/CoreGraphics.framework; sourceTree = SDKROOT; };
		6835EFFC1127A4DBD80BFA71 /* Default@2x.png */ = {isa = PBXFileReference; lastKnownFileType = image.png; path = "Default@2x.png"; sourceTree = "<group>"; };
		D6305B851770A47500645AB6 /* discover_map_icon-item-position.png */ = {isa = PBXFileReference; lastKnownFileType = image.png; path = "discover_map_icon-item-position.png"; sourceTree = "<group>"; };
		D6305B861770A47500645AB6 /* discover_map_icon-item-position@2x.png */ = {isa = PBXFileReference; lastKnownFileType = image.png; path = "discover_map_icon-item-position@2x.png"; sourceTree = "<group>"; };
		D6305B891770FC4200645AB6 /* AnnotationCoordinateConverter.h */ = {isa = PBXFileReference; fileEncoding = 4; lastKnownFileType = sourcecode.c.h; path = AnnotationCoordinateConverter.h; sourceTree = "<group>"; };
		D6305B8A1770FC4200645AB6 /* AnnotationCoordinateConverter.m */ = {isa = PBXFileReference; fileEncoding = 4; lastKnownFileType = sourcecode.c.objc; path = AnnotationCoordinateConverter.m; sourceTree = "<group>"; };
		D6305B8E17717FCF00645AB6 /* MKMapView+ZoomLevel.h */ = {isa = PBXFileReference; fileEncoding = 4; lastKnownFileType = sourcecode.c.h; path = "MKMapView+ZoomLevel.h"; sourceTree = "<group>"; };
		D6305B8F17717FCF00645AB6 /* MKMapView+ZoomLevel.m */ = {isa = PBXFileReference; fileEncoding = 4; lastKnownFileType = sourcecode.c.objc; path = "MKMapView+ZoomLevel.m"; sourceTree = "<group>"; };
/* End PBXFileReference section */

/* Begin PBXFrameworksBuildPhase section */
		6835EF7A4865A177C1F05EAF /* Frameworks */ = {
			isa = PBXFrameworksBuildPhase;
			buildActionMask = 2147483647;
			files = (
				6835E20E553F5083CD1C60DB /* UIKit.framework in Frameworks */,
				6835EBC34670E585B78518CC /* Foundation.framework in Frameworks */,
				6835E419255E4028B5EBC521 /* CoreGraphics.framework in Frameworks */,
				6835E279EC7B79460EE68194 /* MapKit.framework in Frameworks */,
				6835E9167C39117F6061DDF3 /* QuartzCore.framework in Frameworks */,
			);
			runOnlyForDeploymentPostprocessing = 0;
		};
/* End PBXFrameworksBuildPhase section */

/* Begin PBXGroup section */
		6835E1520E57A5B41B7C56A7 /* Products */ = {
			isa = PBXGroup;
			children = (
				6835E0DC1D1EF1DE51C0C5A6 /* TrainJazzz.app */,
			);
			name = Products;
			sourceTree = "<group>";
		};
		6835E19B7B4695C22292B778 /* TrainJazzz */ = {
			isa = PBXGroup;
			children = (
				D6305B8D17717FCF00645AB6 /* MKMapView+ZoomLevel */,
				D6305B841770A47500645AB6 /* Images */,
				6835E800090BA4BF4840EE90 /* Supporting Files */,
				6835E2DCF8E766E1AFA269C2 /* GCXAppDelegate.h */,
				6835E6897034408809D92D53 /* GCXAppDelegate.m */,
				6835E1646A386A7022A18C31 /* GCXViewController.h */,
				6835E7DBAE42176ECA44B578 /* GCXViewController.m */,
				6835ED796217D60D758ED6D2 /* GCXViewController.xib */,
				6835E84FCD58A0D0FE1E57B7 /* sample.json */,
				6835E2C4DB88A4BE6B6B0DCF /* GCXStation.m */,
				6835EA0B00F4BD91BA374F19 /* GCXStation.h */,
				6835EB26D75957D2F31C99D6 /* GCXStationLoader.m */,
				6835E0FB9A556FE65497C065 /* GCXStationLoader.h */,
				6835ECA286D3F4B71D0A8251 /* RNTimer */,
				6835E076399CFC5FC28D876A /* GCXLine.m */,
				6835EBA5956AC6927F545C92 /* GCXLine.h */,
				D6305B891770FC4200645AB6 /* AnnotationCoordinateConverter.h */,
				6835E89096980DBE94802928 /* GCXCircleAnnotationView.h */,
				6835E067C3FD959E8BC7C0B0 /* GCXLineColor.m */,
				D6305B8A1770FC4200645AB6 /* AnnotationCoordinateConverter.m */,
			);
			path = TrainJazzz;
			sourceTree = "<group>";
		};
		6835E2D2A89834FB593E3BAF /* Frameworks */ = {
			isa = PBXGroup;
			children = (
				6835E9FB007C46C994B5236C /* UIKit.framework */,
				6835EA466EDE400EA3AF9759 /* Foundation.framework */,
				6835EF95BED35964748D8755 /* CoreGraphics.framework */,
				6835EE11B0A89F942E919F03 /* MapKit.framework */,
				6835EB025DE7351C146405C7 /* QuartzCore.framework */,
			);
			name = Frameworks;
			sourceTree = "<group>";
		};
		6835E800090BA4BF4840EE90 /* Supporting Files */ = {
			isa = PBXGroup;
			children = (
				6835EAED3B09A2A45A4917D1 /* TrainJazzz-Info.plist */,
				6835E395DCABB0281F4E0EFD /* InfoPlist.strings */,
				6835EEBA8E22F8A73AC2D4CF /* main.m */,
				6835E886BE812797668BD125 /* TrainJazzz-Prefix.pch */,
				6835EBDC0FEADFCF41BA3167 /* Default.png */,
				6835EFFC1127A4DBD80BFA71 /* Default@2x.png */,
				6835EC2A874D2E1B6C14F1F4 /* Default-568h@2x.png */,
			);
			name = "Supporting Files";
			sourceTree = "<group>";
		};
		6835EA00C41C33D4DADCAF5D = {
			isa = PBXGroup;
			children = (
				6835E1520E57A5B41B7C56A7 /* Products */,
				6835E2D2A89834FB593E3BAF /* Frameworks */,
				6835E19B7B4695C22292B778 /* TrainJazzz */,
			);
			sourceTree = "<group>";
		};
		6835ECA286D3F4B71D0A8251 /* RNTimer */ = {
			isa = PBXGroup;
			children = (
				6835E9E3503398241F386BD9 /* RNTimer.h */,
				6835E6E5B4AAD66A25E7921E /* RNTimer.m */,
			);
			name = RNTimer;
			path = RNTimer/RNTimer;
			sourceTree = SOURCE_ROOT;
		};
		D6305B841770A47500645AB6 /* Images */ = {
			isa = PBXGroup;
			children = (
				D6305B851770A47500645AB6 /* discover_map_icon-item-position.png */,
				D6305B861770A47500645AB6 /* discover_map_icon-item-position@2x.png */,
			);
			path = Images;
			sourceTree = "<group>";
		};
		D6305B8D17717FCF00645AB6 /* MKMapView+ZoomLevel */ = {
			isa = PBXGroup;
			children = (
				D6305B8E17717FCF00645AB6 /* MKMapView+ZoomLevel.h */,
				D6305B8F17717FCF00645AB6 /* MKMapView+ZoomLevel.m */,
			);
			path = "MKMapView+ZoomLevel";
			sourceTree = "<group>";
		};
/* End PBXGroup section */

/* Begin PBXNativeTarget section */
		6835E38438EE7D6CF48F29BD /* TrainJazzz */ = {
			isa = PBXNativeTarget;
			buildConfigurationList = 6835E68FC338C71EBEC3D8D8 /* Build configuration list for PBXNativeTarget "TrainJazzz" */;
			buildPhases = (
				6835EC8A70AA2054D0492289 /* Sources */,
				6835EF7A4865A177C1F05EAF /* Frameworks */,
				6835E96FF372260A929745A8 /* Resources */,
			);
			buildRules = (
			);
			dependencies = (
			);
			name = TrainJazzz;
			productName = TrainJazzz;
			productReference = 6835E0DC1D1EF1DE51C0C5A6 /* TrainJazzz.app */;
			productType = "com.apple.product-type.application";
		};
/* End PBXNativeTarget section */

/* Begin PBXProject section */
		6835E545844F276366E40BC9 /* Project object */ = {
			isa = PBXProject;
			attributes = {
				ORGANIZATIONNAME = "grandcentrix GmbH";
			};
			buildConfigurationList = 6835E918BB78582B64F529D1 /* Build configuration list for PBXProject "TrainJazzz" */;
			compatibilityVersion = "Xcode 3.2";
			developmentRegion = English;
			hasScannedForEncodings = 0;
			knownRegions = (
				en,
			);
			mainGroup = 6835EA00C41C33D4DADCAF5D;
			productRefGroup = 6835E1520E57A5B41B7C56A7 /* Products */;
			projectDirPath = "";
			projectRoot = "";
			targets = (
				6835E38438EE7D6CF48F29BD /* TrainJazzz */,
			);
		};
/* End PBXProject section */

/* Begin PBXResourcesBuildPhase section */
		6835E96FF372260A929745A8 /* Resources */ = {
			isa = PBXResourcesBuildPhase;
			buildActionMask = 2147483647;
			files = (
				6835E6E6688A4E114498B433 /* InfoPlist.strings in Resources */,
				6835E90A8811D193E09ED5C1 /* Default.png in Resources */,
				6835E163EB4C791262EBE024 /* Default@2x.png in Resources */,
				6835EBEE573570DD272FFF05 /* Default-568h@2x.png in Resources */,
				6835EE418C70155C13F3CCFB /* GCXViewController.xib in Resources */,
				6835E343170C92987F99B4DA /* sample.json in Resources */,
				D6305B871770A47500645AB6 /* discover_map_icon-item-position.png in Resources */,
				D6305B881770A47500645AB6 /* discover_map_icon-item-position@2x.png in Resources */,
			);
			runOnlyForDeploymentPostprocessing = 0;
		};
/* End PBXResourcesBuildPhase section */

/* Begin PBXSourcesBuildPhase section */
		6835EC8A70AA2054D0492289 /* Sources */ = {
			isa = PBXSourcesBuildPhase;
			buildActionMask = 2147483647;
			files = (
				6835E073F0307D532F43E033 /* main.m in Sources */,
				6835EB3E57B69872477EBA6A /* GCXAppDelegate.m in Sources */,
				6835EFBCD535B7E118802E3B /* GCXViewController.m in Sources */,
				6835E96B250CB3AEE2AA9467 /* GCXStation.m in Sources */,
				6835E60BCA3F92354850FBA2 /* GCXStationLoader.m in Sources */,
				6835E0FF1C0C988CC53737DB /* RNTimer.m in Sources */,
				6835E8C05F7D7FFEC21093BA /* GCXLine.m in Sources */,
				D6305B8B1770FC4200645AB6 /* AnnotationCoordinateConverter.m in Sources */,
				D6305B9017717FCF00645AB6 /* MKMapView+ZoomLevel.m in Sources */,
			);
			runOnlyForDeploymentPostprocessing = 0;
		};
/* End PBXSourcesBuildPhase section */

/* Begin PBXVariantGroup section */
		6835E395DCABB0281F4E0EFD /* InfoPlist.strings */ = {
			isa = PBXVariantGroup;
			children = (
				6835EA4B550F4C339914C872 /* en */,
			);
			name = InfoPlist.strings;
			sourceTree = "<group>";
		};
		6835ED796217D60D758ED6D2 /* GCXViewController.xib */ = {
			isa = PBXVariantGroup;
			children = (
				6835E5C9D281F14E0370E4B9 /* en */,
			);
			name = GCXViewController.xib;
			sourceTree = "<group>";
		};
/* End PBXVariantGroup section */

/* Begin XCBuildConfiguration section */
		6835E02E3FA04C3AC6E15D10 /* Debug */ = {
			isa = XCBuildConfiguration;
			buildSettings = {
				ALWAYS_SEARCH_USER_PATHS = NO;
				CLANG_CXX_LANGUAGE_STANDARD = "gnu++0x";
				CLANG_CXX_LIBRARY = "libc++";
				CLANG_ENABLE_OBJC_ARC = YES;
				CLANG_WARN_CONSTANT_CONVERSION = YES;
				CLANG_WARN_EMPTY_BODY = YES;
				CLANG_WARN_ENUM_CONVERSION = YES;
				CLANG_WARN_INT_CONVERSION = YES;
				CLANG_WARN__DUPLICATE_METHOD_MATCH = YES;
				"CODE_SIGN_IDENTITY[sdk=iphoneos*]" = "iPhone Developer";
				COPY_PHASE_STRIP = NO;
				GCC_C_LANGUAGE_STANDARD = gnu99;
				GCC_DYNAMIC_NO_PIC = NO;
				GCC_OPTIMIZATION_LEVEL = 0;
				GCC_PREPROCESSOR_DEFINITIONS = (
					"DEBUG=1",
					"$(inherited)",
				);
				GCC_SYMBOLS_PRIVATE_EXTERN = NO;
				GCC_WARN_ABOUT_RETURN_TYPE = YES;
				GCC_WARN_UNINITIALIZED_AUTOS = YES;
				GCC_WARN_UNUSED_VARIABLE = YES;
				IPHONEOS_DEPLOYMENT_TARGET = 6.1;
				ONLY_ACTIVE_ARCH = YES;
				SDKROOT = iphoneos;
			};
			name = Debug;
		};
		6835E15615C44F8C1DB1ECE2 /* Release */ = {
			isa = XCBuildConfiguration;
			buildSettings = {
				GCC_PRECOMPILE_PREFIX_HEADER = YES;
				GCC_PREFIX_HEADER = "TrainJazzz/TrainJazzz-Prefix.pch";
				INFOPLIST_FILE = "TrainJazzz/TrainJazzz-Info.plist";
				PRODUCT_NAME = "$(TARGET_NAME)";
				WRAPPER_EXTENSION = app;
			};
			name = Release;
		};
		6835EA552C2118E14C097082 /* Debug */ = {
			isa = XCBuildConfiguration;
			buildSettings = {
				GCC_PRECOMPILE_PREFIX_HEADER = YES;
				GCC_PREFIX_HEADER = "TrainJazzz/TrainJazzz-Prefix.pch";
				INFOPLIST_FILE = "TrainJazzz/TrainJazzz-Info.plist";
				PRODUCT_NAME = "$(TARGET_NAME)";
				WRAPPER_EXTENSION = app;
			};
			name = Debug;
		};
		6835EBEB403F5AEF256617C6 /* Release */ = {
			isa = XCBuildConfiguration;
			buildSettings = {
				ALWAYS_SEARCH_USER_PATHS = NO;
				CLANG_CXX_LANGUAGE_STANDARD = "gnu++0x";
				CLANG_CXX_LIBRARY = "libc++";
				CLANG_ENABLE_OBJC_ARC = YES;
				CLANG_WARN_CONSTANT_CONVERSION = YES;
				CLANG_WARN_EMPTY_BODY = YES;
				CLANG_WARN_ENUM_CONVERSION = YES;
				CLANG_WARN_INT_CONVERSION = YES;
				CLANG_WARN__DUPLICATE_METHOD_MATCH = YES;
				"CODE_SIGN_IDENTITY[sdk=iphoneos*]" = "iPhone Developer";
				COPY_PHASE_STRIP = YES;
				GCC_C_LANGUAGE_STANDARD = gnu99;
				GCC_WARN_ABOUT_RETURN_TYPE = YES;
				GCC_WARN_UNINITIALIZED_AUTOS = YES;
				GCC_WARN_UNUSED_VARIABLE = YES;
				IPHONEOS_DEPLOYMENT_TARGET = 6.1;
				OTHER_CFLAGS = "-DNS_BLOCK_ASSERTIONS=1";
				SDKROOT = iphoneos;
				VALIDATE_PRODUCT = YES;
			};
			name = Release;
		};
/* End XCBuildConfiguration section */

/* Begin XCConfigurationList section */
		6835E68FC338C71EBEC3D8D8 /* Build configuration list for PBXNativeTarget "TrainJazzz" */ = {
			isa = XCConfigurationList;
			buildConfigurations = (
				6835E15615C44F8C1DB1ECE2 /* Release */,
				6835EA552C2118E14C097082 /* Debug */,
			);
			defaultConfigurationIsVisible = 0;
			defaultConfigurationName = Release;
		};
		6835E918BB78582B64F529D1 /* Build configuration list for PBXProject "TrainJazzz" */ = {
			isa = XCConfigurationList;
			buildConfigurations = (
				6835EBEB403F5AEF256617C6 /* Release */,
				6835E02E3FA04C3AC6E15D10 /* Debug */,
			);
			defaultConfigurationIsVisible = 0;
			defaultConfigurationName = Release;
		};
/* End XCConfigurationList section */
	};
	rootObject = 6835E545844F276366E40BC9 /* Project object */;
}
